
Microsoft Visual Studio Solution File, Format Version 12.00
# Visual Studio Version 17
VisualStudioVersion = 17.9.34728.123
MinimumVisualStudioVersion = 10.0.40219.1
Project("{FAE04EC0-301F-11D3-BF4B-00C04F79EFBC}") = "SharpVids", "SharpVids\SharpVids\SharpVids.csproj", "{50F5F1B6-0A36-42A9-928A-06D309C19BFA}"
EndProject
Project("{FAE04EC0-301F-11D3-BF4B-00C04F79EFBC}") = "SharpVids.Client", "SharpVids\SharpVids.Client\SharpVids.Client.csproj", "{54C39202-0959-40FC-985E-79B57CD3844B}"
EndProject
Global
	GlobalSection(SolutionConfigurationPlatforms) = preSolution
		Debug|Any CPU = Debug|Any CPU
		Release|Any CPU = Release|Any CPU
	EndGlobalSection
	GlobalSection(ProjectConfigurationPlatforms) = postSolution
		{50F5F1B6-0A36-42A9-928A-06D309C19BFA}.Debug|Any CPU.ActiveCfg = Debug|Any CPU
		{50F5F1B6-0A36-42A9-928A-06D309C19BFA}.Debug|Any CPU.Build.0 = Debug|Any CPU
		{50F5F1B6-0A36-42A9-928A-06D309C19BFA}.Release|Any CPU.ActiveCfg = Release|Any CPU
		{50F5F1B6-0A36-42A9-928A-06D309C19BFA}.Release|Any CPU.Build.0 = Release|Any CPU
		{54C39202-0959-40FC-985E-79B57CD3844B}.Debug|Any CPU.ActiveCfg = Debug|Any CPU
		{54C39202-0959-40FC-985E-79B57CD3844B}.Debug|Any CPU.Build.0 = Debug|Any CPU
		{54C39202-0959-40FC-985E-79B57CD3844B}.Release|Any CPU.ActiveCfg = Release|Any CPU
		{54C39202-0959-40FC-985E-79B57CD3844B}.Release|Any CPU.Build.0 = Release|Any CPU
	EndGlobalSection
	GlobalSection(SolutionProperties) = preSolution
		HideSolutionNode = FALSE
	EndGlobalSection
	GlobalSection(ExtensibilityGlobals) = postSolution
		SolutionGuid = {7C10A923-FF91-408C-AB7A-82FF2559084F}
	EndGlobalSection
EndGlobal
