
Microsoft Visual Studio Solution File, Format Version 12.00
# Visual Studio Version 17
VisualStudioVersion = 17.6.33829.357
MinimumVisualStudioVersion = 10.0.40219.1
Project("{9A19103F-16F7-4668-BE54-9A1E7A4F7556}") = "SharpVids", "SharpVids\SharpVids.csproj", "{F2B646B3-BD9F-4D67-A783-5A49DFE18097}"
EndProject
Project("{E53339B2-1760-4266-BCC7-CA923CBCF16C}") = "docker-compose", "docker-compose.dcproj", "{AFEFAE88-EEBF-4610-B432-EB1920A411A2}"
EndProject
Project("{9A19103F-16F7-4668-BE54-9A1E7A4F7556}") = "SharpVids.UnitTest", "SharpVids.UnitTest\SharpVids.UnitTest.csproj", "{3C7497C8-5FE0-4312-82F0-817DD3F39FA8}"
EndProject
Global
	GlobalSection(SolutionConfigurationPlatforms) = preSolution
		Debug|Any CPU = Debug|Any CPU
		Release|Any CPU = Release|Any CPU
	EndGlobalSection
	GlobalSection(ProjectConfigurationPlatforms) = postSolution
		{F2B646B3-BD9F-4D67-A783-5A49DFE18097}.Debug|Any CPU.ActiveCfg = Debug|Any CPU
		{F2B646B3-BD9F-4D67-A783-5A49DFE18097}.Debug|Any CPU.Build.0 = Debug|Any CPU
		{F2B646B3-BD9F-4D67-A783-5A49DFE18097}.Release|Any CPU.ActiveCfg = Release|Any CPU
		{F2B646B3-BD9F-4D67-A783-5A49DFE18097}.Release|Any CPU.Build.0 = Release|Any CPU
		{AFEFAE88-EEBF-4610-B432-EB1920A411A2}.Debug|Any CPU.ActiveCfg = Debug|Any CPU
		{AFEFAE88-EEBF-4610-B432-EB1920A411A2}.Debug|Any CPU.Build.0 = Debug|Any CPU
		{AFEFAE88-EEBF-4610-B432-EB1920A411A2}.Release|Any CPU.ActiveCfg = Release|Any CPU
		{AFEFAE88-EEBF-4610-B432-EB1920A411A2}.Release|Any CPU.Build.0 = Release|Any CPU
		{3C7497C8-5FE0-4312-82F0-817DD3F39FA8}.Debug|Any CPU.ActiveCfg = Debug|Any CPU
		{3C7497C8-5FE0-4312-82F0-817DD3F39FA8}.Debug|Any CPU.Build.0 = Debug|Any CPU
		{3C7497C8-5FE0-4312-82F0-817DD3F39FA8}.Release|Any CPU.ActiveCfg = Release|Any CPU
		{3C7497C8-5FE0-4312-82F0-817DD3F39FA8}.Release|Any CPU.Build.0 = Release|Any CPU
	EndGlobalSection
	GlobalSection(SolutionProperties) = preSolution
		HideSolutionNode = FALSE
	EndGlobalSection
	GlobalSection(ExtensibilityGlobals) = postSolution
		SolutionGuid = {3D4B9162-EEA5-406B-983A-79769A0E8E78}
	EndGlobalSection
EndGlobal
